// !$*UTF8*$!
{
	archiveVersion = 1;
	classes = {
	};
	objectVersion = 51;
	objects = {

/* Begin PBXBuildFile section */
		46AD9EA2361E2886FAB98C31 /* Pods_TVShows.framework in Frameworks */ = {isa = PBXBuildFile; fileRef = D84DC5D0185CFA40FBBCB82C /* Pods_TVShows.framework */; };
		F4219335269F774A00619537 /* Login.storyboard in Resources */ = {isa = PBXBuildFile; fileRef = F4219334269F774A00619537 /* Login.storyboard */; };
		F484526626A8C4DA00EC0C72 /* UserRouter.swift in Sources */ = {isa = PBXBuildFile; fileRef = F484526526A8C4DA00EC0C72 /* UserRouter.swift */; };
		F484526926A8C75400EC0C72 /* Constants.swift in Sources */ = {isa = PBXBuildFile; fileRef = F484526826A8C75400EC0C72 /* Constants.swift */; };
		F4AEA42F26A597E400D8C649 /* AuthTextField.swift in Sources */ = {isa = PBXBuildFile; fileRef = F4AEA42E26A597E400D8C649 /* AuthTextField.swift */; };
		F4B0CFEB26A8ABF3006593F5 /* Home.storyboard in Resources */ = {isa = PBXBuildFile; fileRef = F4B0CFEA26A8ABF3006593F5 /* Home.storyboard */; };
		F4B0CFFA26A8AF4A006593F5 /* HomeViewController.swift in Sources */ = {isa = PBXBuildFile; fileRef = F4B0CFF926A8AF4A006593F5 /* HomeViewController.swift */; };
		F4B0D01426A8B246006593F5 /* User.swift in Sources */ = {isa = PBXBuildFile; fileRef = F4B0D01326A8B246006593F5 /* User.swift */; };
		F4D93E6C26976352000F9C3D /* AppDelegate.swift in Sources */ = {isa = PBXBuildFile; fileRef = F4D93E6B26976352000F9C3D /* AppDelegate.swift */; };
		F4D93E7526976353000F9C3D /* Assets.xcassets in Resources */ = {isa = PBXBuildFile; fileRef = F4D93E7426976353000F9C3D /* Assets.xcassets */; };
		F4D93E7826976353000F9C3D /* LaunchScreen.storyboard in Resources */ = {isa = PBXBuildFile; fileRef = F4D93E7626976353000F9C3D /* LaunchScreen.storyboard */; };
		F4EAC72D269F79F3005757F3 /* LoginViewController.swift in Sources */ = {isa = PBXBuildFile; fileRef = F4EAC72C269F79F3005757F3 /* LoginViewController.swift */; };
		F4EF4BD526AD916E0054B935 /* APIManager.swift in Sources */ = {isa = PBXBuildFile; fileRef = F4EF4BD426AD916E0054B935 /* APIManager.swift */; };
		F4F5E56826A7243700AF5246 /* LoginStackView.storyboard in Resources */ = {isa = PBXBuildFile; fileRef = F4F5E56726A7243700AF5246 /* LoginStackView.storyboard */; };
/* End PBXBuildFile section */

/* Begin PBXFileReference section */
		445A82C756B782263B020438 /* Pods-TVShows.release.xcconfig */ = {isa = PBXFileReference; includeInIndex = 1; lastKnownFileType = text.xcconfig; name = "Pods-TVShows.release.xcconfig"; path = "Target Support Files/Pods-TVShows/Pods-TVShows.release.xcconfig"; sourceTree = "<group>"; };
		4BA72EA625AAF4D42336A5E4 /* Pods-TVShows.debug.xcconfig */ = {isa = PBXFileReference; includeInIndex = 1; lastKnownFileType = text.xcconfig; name = "Pods-TVShows.debug.xcconfig"; path = "Target Support Files/Pods-TVShows/Pods-TVShows.debug.xcconfig"; sourceTree = "<group>"; };
		D84DC5D0185CFA40FBBCB82C /* Pods_TVShows.framework */ = {isa = PBXFileReference; explicitFileType = wrapper.framework; includeInIndex = 0; path = Pods_TVShows.framework; sourceTree = BUILT_PRODUCTS_DIR; };
		F4219334269F774A00619537 /* Login.storyboard */ = {isa = PBXFileReference; lastKnownFileType = file.storyboard; path = Login.storyboard; sourceTree = "<group>"; };
		F484526526A8C4DA00EC0C72 /* UserRouter.swift */ = {isa = PBXFileReference; lastKnownFileType = sourcecode.swift; path = UserRouter.swift; sourceTree = "<group>"; };
		F484526826A8C75400EC0C72 /* Constants.swift */ = {isa = PBXFileReference; lastKnownFileType = sourcecode.swift; path = Constants.swift; sourceTree = "<group>"; };
		F4AEA42E26A597E400D8C649 /* AuthTextField.swift */ = {isa = PBXFileReference; lastKnownFileType = sourcecode.swift; path = AuthTextField.swift; sourceTree = "<group>"; };
		F4B0CFEA26A8ABF3006593F5 /* Home.storyboard */ = {isa = PBXFileReference; lastKnownFileType = file.storyboard; path = Home.storyboard; sourceTree = "<group>"; };
		F4B0CFF926A8AF4A006593F5 /* HomeViewController.swift */ = {isa = PBXFileReference; lastKnownFileType = sourcecode.swift; path = HomeViewController.swift; sourceTree = "<group>"; };
		F4B0D01326A8B246006593F5 /* User.swift */ = {isa = PBXFileReference; lastKnownFileType = sourcecode.swift; path = User.swift; sourceTree = "<group>"; };
		F4D93E6826976352000F9C3D /* TVShows.app */ = {isa = PBXFileReference; explicitFileType = wrapper.application; includeInIndex = 0; path = TVShows.app; sourceTree = BUILT_PRODUCTS_DIR; };
		F4D93E6B26976352000F9C3D /* AppDelegate.swift */ = {isa = PBXFileReference; lastKnownFileType = sourcecode.swift; path = AppDelegate.swift; sourceTree = "<group>"; };
		F4D93E7426976353000F9C3D /* Assets.xcassets */ = {isa = PBXFileReference; lastKnownFileType = folder.assetcatalog; path = Assets.xcassets; sourceTree = "<group>"; };
		F4D93E7726976353000F9C3D /* Base */ = {isa = PBXFileReference; lastKnownFileType = file.storyboard; name = Base; path = Base.lproj/LaunchScreen.storyboard; sourceTree = "<group>"; };
		F4D93E7926976353000F9C3D /* Info.plist */ = {isa = PBXFileReference; lastKnownFileType = text.plist.xml; path = Info.plist; sourceTree = "<group>"; };
		F4EAC72C269F79F3005757F3 /* LoginViewController.swift */ = {isa = PBXFileReference; lastKnownFileType = sourcecode.swift; path = LoginViewController.swift; sourceTree = "<group>"; };
		F4EF4BD426AD916E0054B935 /* APIManager.swift */ = {isa = PBXFileReference; lastKnownFileType = sourcecode.swift; path = APIManager.swift; sourceTree = "<group>"; };
		F4F5E56726A7243700AF5246 /* LoginStackView.storyboard */ = {isa = PBXFileReference; lastKnownFileType = file.storyboard; path = LoginStackView.storyboard; sourceTree = "<group>"; };
/* End PBXFileReference section */

/* Begin PBXFrameworksBuildPhase section */
		F4D93E6526976352000F9C3D /* Frameworks */ = {
			isa = PBXFrameworksBuildPhase;
			buildActionMask = 2147483647;
			files = (
				46AD9EA2361E2886FAB98C31 /* Pods_TVShows.framework in Frameworks */,
			);
			runOnlyForDeploymentPostprocessing = 0;
		};
/* End PBXFrameworksBuildPhase section */

/* Begin PBXGroup section */
		05A18C1EDD8C110FE35D68C1 /* Pods */ = {
			isa = PBXGroup;
			children = (
				4BA72EA625AAF4D42336A5E4 /* Pods-TVShows.debug.xcconfig */,
				445A82C756B782263B020438 /* Pods-TVShows.release.xcconfig */,
			);
			path = Pods;
			sourceTree = "<group>";
		};
		EDF32D2652BF732D041A1365 /* Frameworks */ = {
			isa = PBXGroup;
			children = (
				D84DC5D0185CFA40FBBCB82C /* Pods_TVShows.framework */,
			);
			name = Frameworks;
			sourceTree = "<group>";
		};
		F4219333269F771D00619537 /* Login */ = {
			isa = PBXGroup;
			children = (
				F4219334269F774A00619537 /* Login.storyboard */,
				F4EAC72C269F79F3005757F3 /* LoginViewController.swift */,
				F4AEA42E26A597E400D8C649 /* AuthTextField.swift */,
				F4F5E56726A7243700AF5246 /* LoginStackView.storyboard */,
			);
			path = Login;
			sourceTree = "<group>";
		};
		F484526326A8C48600EC0C72 /* Networking */ = {
			isa = PBXGroup;
			children = (
				F484526426A8C49300EC0C72 /* Routers */,
				F4EF4BD426AD916E0054B935 /* APIManager.swift */,
			);
			path = Networking;
			sourceTree = "<group>";
		};
		F484526426A8C49300EC0C72 /* Routers */ = {
			isa = PBXGroup;
			children = (
				F484526526A8C4DA00EC0C72 /* UserRouter.swift */,
			);
			path = Routers;
			sourceTree = "<group>";
		};
		F4B0CFE926A8ABDF006593F5 /* Home */ = {
			isa = PBXGroup;
			children = (
				F4B0CFEA26A8ABF3006593F5 /* Home.storyboard */,
				F4B0CFF926A8AF4A006593F5 /* HomeViewController.swift */,
			);
			path = Home;
			sourceTree = "<group>";
		};
		F4B0D01226A8B237006593F5 /* Models */ = {
			isa = PBXGroup;
			children = (
				F4B0D01326A8B246006593F5 /* User.swift */,
			);
			path = Models;
			sourceTree = "<group>";
		};
		F4D93E5F26976352000F9C3D = {
			isa = PBXGroup;
			children = (
				F4D93E6A26976352000F9C3D /* TVShows */,
				F4D93E6926976352000F9C3D /* Products */,
				05A18C1EDD8C110FE35D68C1 /* Pods */,
				EDF32D2652BF732D041A1365 /* Frameworks */,
			);
			sourceTree = "<group>";
		};
		F4D93E6926976352000F9C3D /* Products */ = {
			isa = PBXGroup;
			children = (
				F4D93E6826976352000F9C3D /* TVShows.app */,
			);
			name = Products;
			sourceTree = "<group>";
		};
		F4D93E6A26976352000F9C3D /* TVShows */ = {
			isa = PBXGroup;
			children = (
				F484526326A8C48600EC0C72 /* Networking */,
				F4B0D01226A8B237006593F5 /* Models */,
				F4B0CFE926A8ABDF006593F5 /* Home */,
				F4219333269F771D00619537 /* Login */,
				F4D93E6B26976352000F9C3D /* AppDelegate.swift */,
				F4D93E7426976353000F9C3D /* Assets.xcassets */,
				F4D93E7626976353000F9C3D /* LaunchScreen.storyboard */,
				F4D93E7926976353000F9C3D /* Info.plist */,
				F484526826A8C75400EC0C72 /* Constants.swift */,
			);
			path = TVShows;
			sourceTree = "<group>";
		};
/* End PBXGroup section */

/* Begin PBXNativeTarget section */
		F4D93E6726976352000F9C3D /* TVShows */ = {
			isa = PBXNativeTarget;
			buildConfigurationList = F4D93E7C26976353000F9C3D /* Build configuration list for PBXNativeTarget "TVShows" */;
			buildPhases = (
				648A4872592F3B9A55ED596F /* [CP] Check Pods Manifest.lock */,
				F4D93E6426976352000F9C3D /* Sources */,
				F4D93E6526976352000F9C3D /* Frameworks */,
				F4D93E6626976352000F9C3D /* Resources */,
				DE8D9A7CAE612689A2EAB2E2 /* [CP] Embed Pods Frameworks */,
			);
			buildRules = (
			);
			dependencies = (
			);
			name = TVShows;
			productName = TVShows;
			productReference = F4D93E6826976352000F9C3D /* TVShows.app */;
			productType = "com.apple.product-type.application";
		};
/* End PBXNativeTarget section */

/* Begin PBXProject section */
		F4D93E6026976352000F9C3D /* Project object */ = {
			isa = PBXProject;
			attributes = {
				LastSwiftUpdateCheck = 1240;
				LastUpgradeCheck = 1240;
				TargetAttributes = {
					F4D93E6726976352000F9C3D = {
						CreatedOnToolsVersion = 12.4;
					};
				};
			};
			buildConfigurationList = F4D93E6326976352000F9C3D /* Build configuration list for PBXProject "TVShows" */;
			compatibilityVersion = "Xcode 9.3";
			developmentRegion = en;
			hasScannedForEncodings = 0;
			knownRegions = (
				en,
				Base,
			);
			mainGroup = F4D93E5F26976352000F9C3D;
			productRefGroup = F4D93E6926976352000F9C3D /* Products */;
			projectDirPath = "";
			projectRoot = "";
			targets = (
				F4D93E6726976352000F9C3D /* TVShows */,
			);
		};
/* End PBXProject section */

/* Begin PBXResourcesBuildPhase section */
		F4D93E6626976352000F9C3D /* Resources */ = {
			isa = PBXResourcesBuildPhase;
			buildActionMask = 2147483647;
			files = (
				F4D93E7826976353000F9C3D /* LaunchScreen.storyboard in Resources */,
				F4B0CFEB26A8ABF3006593F5 /* Home.storyboard in Resources */,
				F4D93E7526976353000F9C3D /* Assets.xcassets in Resources */,
				F4F5E56826A7243700AF5246 /* LoginStackView.storyboard in Resources */,
				F4219335269F774A00619537 /* Login.storyboard in Resources */,
			);
			runOnlyForDeploymentPostprocessing = 0;
		};
/* End PBXResourcesBuildPhase section */

/* Begin PBXShellScriptBuildPhase section */
		648A4872592F3B9A55ED596F /* [CP] Check Pods Manifest.lock */ = {
			isa = PBXShellScriptBuildPhase;
			buildActionMask = 2147483647;
			files = (
			);
			inputFileListPaths = (
			);
			inputPaths = (
				"${PODS_PODFILE_DIR_PATH}/Podfile.lock",
				"${PODS_ROOT}/Manifest.lock",
			);
			name = "[CP] Check Pods Manifest.lock";
			outputFileListPaths = (
			);
			outputPaths = (
				"$(DERIVED_FILE_DIR)/Pods-TVShows-checkManifestLockResult.txt",
			);
			runOnlyForDeploymentPostprocessing = 0;
			shellPath = /bin/sh;
			shellScript = "diff \"${PODS_PODFILE_DIR_PATH}/Podfile.lock\" \"${PODS_ROOT}/Manifest.lock\" > /dev/null\nif [ $? != 0 ] ; then\n    # print error to STDERR\n    echo \"error: The sandbox is not in sync with the Podfile.lock. Run 'pod install' or update your CocoaPods installation.\" >&2\n    exit 1\nfi\n# This output is used by Xcode 'outputs' to avoid re-running this script phase.\necho \"SUCCESS\" > \"${SCRIPT_OUTPUT_FILE_0}\"\n";
			showEnvVarsInLog = 0;
		};
		DE8D9A7CAE612689A2EAB2E2 /* [CP] Embed Pods Frameworks */ = {
			isa = PBXShellScriptBuildPhase;
			buildActionMask = 2147483647;
			files = (
			);
			inputFileListPaths = (
				"${PODS_ROOT}/Target Support Files/Pods-TVShows/Pods-TVShows-frameworks-${CONFIGURATION}-input-files.xcfilelist",
			);
			name = "[CP] Embed Pods Frameworks";
			outputFileListPaths = (
				"${PODS_ROOT}/Target Support Files/Pods-TVShows/Pods-TVShows-frameworks-${CONFIGURATION}-output-files.xcfilelist",
			);
			runOnlyForDeploymentPostprocessing = 0;
			shellPath = /bin/sh;
			shellScript = "\"${PODS_ROOT}/Target Support Files/Pods-TVShows/Pods-TVShows-frameworks.sh\"\n";
			showEnvVarsInLog = 0;
		};
/* End PBXShellScriptBuildPhase section */

/* Begin PBXSourcesBuildPhase section */
		F4D93E6426976352000F9C3D /* Sources */ = {
			isa = PBXSourcesBuildPhase;
			buildActionMask = 2147483647;
			files = (
				F4EF4BD526AD916E0054B935 /* APIManager.swift in Sources */,
				F4AEA42F26A597E400D8C649 /* AuthTextField.swift in Sources */,
				F484526626A8C4DA00EC0C72 /* UserRouter.swift in Sources */,
				F4EAC72D269F79F3005757F3 /* LoginViewController.swift in Sources */,
				F4D93E6C26976352000F9C3D /* AppDelegate.swift in Sources */,
				F484526926A8C75400EC0C72 /* Constants.swift in Sources */,
				F4B0D01426A8B246006593F5 /* User.swift in Sources */,
				F4B0CFFA26A8AF4A006593F5 /* HomeViewController.swift in Sources */,
			);
			runOnlyForDeploymentPostprocessing = 0;
		};
/* End PBXSourcesBuildPhase section */

/* Begin PBXVariantGroup section */
		F4D93E7626976353000F9C3D /* LaunchScreen.storyboard */ = {
			isa = PBXVariantGroup;
			children = (
				F4D93E7726976353000F9C3D /* Base */,
			);
			name = LaunchScreen.storyboard;
			sourceTree = "<group>";
		};
/* End PBXVariantGroup section */

/* Begin XCBuildConfiguration section */
		F4D93E7A26976353000F9C3D /* Debug */ = {
			isa = XCBuildConfiguration;
			buildSettings = {
				ALWAYS_SEARCH_USER_PATHS = NO;
				CLANG_ANALYZER_NONNULL = YES;
				CLANG_ANALYZER_NUMBER_OBJECT_CONVERSION = YES_AGGRESSIVE;
				CLANG_CXX_LANGUAGE_STANDARD = "gnu++14";
				CLANG_CXX_LIBRARY = "libc++";
				CLANG_ENABLE_MODULES = YES;
				CLANG_ENABLE_OBJC_ARC = YES;
				CLANG_ENABLE_OBJC_WEAK = YES;
				CLANG_WARN_BLOCK_CAPTURE_AUTORELEASING = YES;
				CLANG_WARN_BOOL_CONVERSION = YES;
				CLANG_WARN_COMMA = YES;
				CLANG_WARN_CONSTANT_CONVERSION = YES;
				CLANG_WARN_DEPRECATED_OBJC_IMPLEMENTATIONS = YES;
				CLANG_WARN_DIRECT_OBJC_ISA_USAGE = YES_ERROR;
				CLANG_WARN_DOCUMENTATION_COMMENTS = YES;
				CLANG_WARN_EMPTY_BODY = YES;
				CLANG_WARN_ENUM_CONVERSION = YES;
				CLANG_WARN_INFINITE_RECURSION = YES;
				CLANG_WARN_INT_CONVERSION = YES;
				CLANG_WARN_NON_LITERAL_NULL_CONVERSION = YES;
				CLANG_WARN_OBJC_IMPLICIT_RETAIN_SELF = YES;
				CLANG_WARN_OBJC_LITERAL_CONVERSION = YES;
				CLANG_WARN_OBJC_ROOT_CLASS = YES_ERROR;
				CLANG_WARN_QUOTED_INCLUDE_IN_FRAMEWORK_HEADER = YES;
				CLANG_WARN_RANGE_LOOP_ANALYSIS = YES;
				CLANG_WARN_STRICT_PROTOTYPES = YES;
				CLANG_WARN_SUSPICIOUS_MOVE = YES;
				CLANG_WARN_UNGUARDED_AVAILABILITY = YES_AGGRESSIVE;
				CLANG_WARN_UNREACHABLE_CODE = YES;
				CLANG_WARN__DUPLICATE_METHOD_MATCH = YES;
				COPY_PHASE_STRIP = NO;
				DEBUG_INFORMATION_FORMAT = dwarf;
				ENABLE_STRICT_OBJC_MSGSEND = YES;
				ENABLE_TESTABILITY = YES;
				GCC_C_LANGUAGE_STANDARD = gnu11;
				GCC_DYNAMIC_NO_PIC = NO;
				GCC_NO_COMMON_BLOCKS = YES;
				GCC_OPTIMIZATION_LEVEL = 0;
				GCC_PREPROCESSOR_DEFINITIONS = (
					"DEBUG=1",
					"$(inherited)",
				);
				GCC_WARN_64_TO_32_BIT_CONVERSION = YES;
				GCC_WARN_ABOUT_RETURN_TYPE = YES_ERROR;
				GCC_WARN_UNDECLARED_SELECTOR = YES;
				GCC_WARN_UNINITIALIZED_AUTOS = YES_AGGRESSIVE;
				GCC_WARN_UNUSED_FUNCTION = YES;
				GCC_WARN_UNUSED_VARIABLE = YES;
				IPHONEOS_DEPLOYMENT_TARGET = 12.1;
				MTL_ENABLE_DEBUG_INFO = INCLUDE_SOURCE;
				MTL_FAST_MATH = YES;
				ONLY_ACTIVE_ARCH = YES;
				SDKROOT = iphoneos;
				SWIFT_ACTIVE_COMPILATION_CONDITIONS = DEBUG;
				SWIFT_OPTIMIZATION_LEVEL = "-Onone";
			};
			name = Debug;
		};
		F4D93E7B26976353000F9C3D /* Release */ = {
			isa = XCBuildConfiguration;
			buildSettings = {
				ALWAYS_SEARCH_USER_PATHS = NO;
				CLANG_ANALYZER_NONNULL = YES;
				CLANG_ANALYZER_NUMBER_OBJECT_CONVERSION = YES_AGGRESSIVE;
				CLANG_CXX_LANGUAGE_STANDARD = "gnu++14";
				CLANG_CXX_LIBRARY = "libc++";
				CLANG_ENABLE_MODULES = YES;
				CLANG_ENABLE_OBJC_ARC = YES;
				CLANG_ENABLE_OBJC_WEAK = YES;
				CLANG_WARN_BLOCK_CAPTURE_AUTORELEASING = YES;
				CLANG_WARN_BOOL_CONVERSION = YES;
				CLANG_WARN_COMMA = YES;
				CLANG_WARN_CONSTANT_CONVERSION = YES;
				CLANG_WARN_DEPRECATED_OBJC_IMPLEMENTATIONS = YES;
				CLANG_WARN_DIRECT_OBJC_ISA_USAGE = YES_ERROR;
				CLANG_WARN_DOCUMENTATION_COMMENTS = YES;
				CLANG_WARN_EMPTY_BODY = YES;
				CLANG_WARN_ENUM_CONVERSION = YES;
				CLANG_WARN_INFINITE_RECURSION = YES;
				CLANG_WARN_INT_CONVERSION = YES;
				CLANG_WARN_NON_LITERAL_NULL_CONVERSION = YES;
				CLANG_WARN_OBJC_IMPLICIT_RETAIN_SELF = YES;
				CLANG_WARN_OBJC_LITERAL_CONVERSION = YES;
				CLANG_WARN_OBJC_ROOT_CLASS = YES_ERROR;
				CLANG_WARN_QUOTED_INCLUDE_IN_FRAMEWORK_HEADER = YES;
				CLANG_WARN_RANGE_LOOP_ANALYSIS = YES;
				CLANG_WARN_STRICT_PROTOTYPES = YES;
				CLANG_WARN_SUSPICIOUS_MOVE = YES;
				CLANG_WARN_UNGUARDED_AVAILABILITY = YES_AGGRESSIVE;
				CLANG_WARN_UNREACHABLE_CODE = YES;
				CLANG_WARN__DUPLICATE_METHOD_MATCH = YES;
				COPY_PHASE_STRIP = NO;
				DEBUG_INFORMATION_FORMAT = "dwarf-with-dsym";
				ENABLE_NS_ASSERTIONS = NO;
				ENABLE_STRICT_OBJC_MSGSEND = YES;
				GCC_C_LANGUAGE_STANDARD = gnu11;
				GCC_NO_COMMON_BLOCKS = YES;
				GCC_WARN_64_TO_32_BIT_CONVERSION = YES;
				GCC_WARN_ABOUT_RETURN_TYPE = YES_ERROR;
				GCC_WARN_UNDECLARED_SELECTOR = YES;
				GCC_WARN_UNINITIALIZED_AUTOS = YES_AGGRESSIVE;
				GCC_WARN_UNUSED_FUNCTION = YES;
				GCC_WARN_UNUSED_VARIABLE = YES;
				IPHONEOS_DEPLOYMENT_TARGET = 12.1;
				MTL_ENABLE_DEBUG_INFO = NO;
				MTL_FAST_MATH = YES;
				SDKROOT = iphoneos;
				SWIFT_COMPILATION_MODE = wholemodule;
				SWIFT_OPTIMIZATION_LEVEL = "-O";
				VALIDATE_PRODUCT = YES;
			};
			name = Release;
		};
		F4D93E7D26976353000F9C3D /* Debug */ = {
			isa = XCBuildConfiguration;
			baseConfigurationReference = 4BA72EA625AAF4D42336A5E4 /* Pods-TVShows.debug.xcconfig */;
			buildSettings = {
				ASSETCATALOG_COMPILER_APPICON_NAME = AppIcon;
				ASSETCATALOG_COMPILER_GLOBAL_ACCENT_COLOR_NAME = AccentColor;
				CODE_SIGN_STYLE = Automatic;
				INFOPLIST_FILE = TVShows/Info.plist;
				LD_RUNPATH_SEARCH_PATHS = (
					"$(inherited)",
					"@executable_path/Frameworks",
				);
				PRODUCT_BUNDLE_IDENTIFIER = com.infinum.academy.bernard578.TVShows;
				PRODUCT_NAME = "$(TARGET_NAME)";
				SWIFT_VERSION = 5.0;
				TARGETED_DEVICE_FAMILY = "1,2";
			};
			name = Debug;
		};
		F4D93E7E26976353000F9C3D /* Release */ = {
			isa = XCBuildConfiguration;
			baseConfigurationReference = 445A82C756B782263B020438 /* Pods-TVShows.release.xcconfig */;
			buildSettings = {
				ASSETCATALOG_COMPILER_APPICON_NAME = AppIcon;
				ASSETCATALOG_COMPILER_GLOBAL_ACCENT_COLOR_NAME = AccentColor;
				CODE_SIGN_STYLE = Automatic;
				INFOPLIST_FILE = TVShows/Info.plist;
				LD_RUNPATH_SEARCH_PATHS = (
					"$(inherited)",
					"@executable_path/Frameworks",
				);
				PRODUCT_BUNDLE_IDENTIFIER = com.infinum.academy.bernard578.TVShows;
				PRODUCT_NAME = "$(TARGET_NAME)";
				SWIFT_VERSION = 5.0;
				TARGETED_DEVICE_FAMILY = "1,2";
			};
			name = Release;
		};
/* End XCBuildConfiguration section */

/* Begin XCConfigurationList section */
		F4D93E6326976352000F9C3D /* Build configuration list for PBXProject "TVShows" */ = {
			isa = XCConfigurationList;
			buildConfigurations = (
				F4D93E7A26976353000F9C3D /* Debug */,
				F4D93E7B26976353000F9C3D /* Release */,
			);
			defaultConfigurationIsVisible = 0;
			defaultConfigurationName = Release;
		};
		F4D93E7C26976353000F9C3D /* Build configuration list for PBXNativeTarget "TVShows" */ = {
			isa = XCConfigurationList;
			buildConfigurations = (
				F4D93E7D26976353000F9C3D /* Debug */,
				F4D93E7E26976353000F9C3D /* Release */,
			);
			defaultConfigurationIsVisible = 0;
			defaultConfigurationName = Release;
		};
/* End XCConfigurationList section */
	};
	rootObject = F4D93E6026976352000F9C3D /* Project object */;
}
